
Microsoft Visual Studio Solution File, Format Version 12.00
# Visual Studio Version 16
VisualStudioVersion = 16.0.30804.86
MinimumVisualStudioVersion = 10.0.40219.1
Project("{FAE04EC0-301F-11D3-BF4B-00C04F79EFBC}") = "ConsoleApp2", "ConsoleApp2.csproj", "{154508B4-4E92-4138-851A-AC015E3EADBB}"
EndProject
Global
	GlobalSection(SolutionConfigurationPlatforms) = preSolution
		Debug|Any CPU = Debug|Any CPU
		Release|Any CPU = Release|Any CPU
	EndGlobalSection
	GlobalSection(ProjectConfigurationPlatforms) = postSolution
		{154508B4-4E92-4138-851A-AC015E3EADBB}.Debug|Any CPU.ActiveCfg = Debug|Any CPU
		{154508B4-4E92-4138-851A-AC015E3EADBB}.Debug|Any CPU.Build.0 = Debug|Any CPU
		{154508B4-4E92-4138-851A-AC015E3EADBB}.Release|Any CPU.ActiveCfg = Release|Any CPU
		{154508B4-4E92-4138-851A-AC015E3EADBB}.Release|Any CPU.Build.0 = Release|Any CPU
	EndGlobalSection
	GlobalSection(SolutionProperties) = preSolution
		HideSolutionNode = FALSE
	EndGlobalSection
	GlobalSection(ExtensibilityGlobals) = postSolution
		SolutionGuid = {24C17650-E881-4EFC-910B-9B9DD96EA5BC}
	EndGlobalSection
EndGlobal
