
Microsoft Visual Studio Solution File, Format Version 12.00
# Visual Studio Version 16
VisualStudioVersion = 16.0.30804.86
MinimumVisualStudioVersion = 10.0.40219.1
Project("{FAE04EC0-301F-11D3-BF4B-00C04F79EFBC}") = "ConsoleApp6", "ConsoleApp6.csproj", "{894AF7DD-86BB-44B4-B014-0347B5F2D113}"
EndProject
Global
	GlobalSection(SolutionConfigurationPlatforms) = preSolution
		Debug|Any CPU = Debug|Any CPU
		Release|Any CPU = Release|Any CPU
	EndGlobalSection
	GlobalSection(ProjectConfigurationPlatforms) = postSolution
		{894AF7DD-86BB-44B4-B014-0347B5F2D113}.Debug|Any CPU.ActiveCfg = Debug|Any CPU
		{894AF7DD-86BB-44B4-B014-0347B5F2D113}.Debug|Any CPU.Build.0 = Debug|Any CPU
		{894AF7DD-86BB-44B4-B014-0347B5F2D113}.Release|Any CPU.ActiveCfg = Release|Any CPU
		{894AF7DD-86BB-44B4-B014-0347B5F2D113}.Release|Any CPU.Build.0 = Release|Any CPU
	EndGlobalSection
	GlobalSection(SolutionProperties) = preSolution
		HideSolutionNode = FALSE
	EndGlobalSection
	GlobalSection(ExtensibilityGlobals) = postSolution
		SolutionGuid = {46ED864D-1CA8-4F63-A109-F48CCE0CFB1B}
	EndGlobalSection
EndGlobal
